// !$*UTF8*$!
{
	archiveVersion = 1;
	classes = {
	};
	objectVersion = 50;
	objects = {

/* Begin PBXBuildFile section */
		D7339FEE2204156900C11E76 /* AppDelegate.swift in Sources */ = {isa = PBXBuildFile; fileRef = D7339FED2204156900C11E76 /* AppDelegate.swift */; };
		D7339FF02204156900C11E76 /* ViewController.swift in Sources */ = {isa = PBXBuildFile; fileRef = D7339FEF2204156900C11E76 /* ViewController.swift */; };
		D7339FF32204156900C11E76 /* Main.storyboard in Resources */ = {isa = PBXBuildFile; fileRef = D7339FF12204156900C11E76 /* Main.storyboard */; };
		D7339FF62204156900C11E76 /* tippy.xcdatamodeld in Sources */ = {isa = PBXBuildFile; fileRef = D7339FF42204156900C11E76 /* tippy.xcdatamodeld */; };
		D7339FF82204157600C11E76 /* Assets.xcassets in Resources */ = {isa = PBXBuildFile; fileRef = D7339FF72204157600C11E76 /* Assets.xcassets */; };
		D7339FFB2204157600C11E76 /* LaunchScreen.storyboard in Resources */ = {isa = PBXBuildFile; fileRef = D7339FF92204157600C11E76 /* LaunchScreen.storyboard */; };
		D733A0062204157700C11E76 /* tippyTests.swift in Sources */ = {isa = PBXBuildFile; fileRef = D733A0052204157700C11E76 /* tippyTests.swift */; };
		D733A0112204157700C11E76 /* tippyUITests.swift in Sources */ = {isa = PBXBuildFile; fileRef = D733A0102204157700C11E76 /* tippyUITests.swift */; };
/* End PBXBuildFile section */

/* Begin PBXContainerItemProxy section */
		D733A0022204157700C11E76 /* PBXContainerItemProxy */ = {
			isa = PBXContainerItemProxy;
			containerPortal = D7339FE22204156800C11E76 /* Project object */;
			proxyType = 1;
			remoteGlobalIDString = D7339FE92204156800C11E76;
			remoteInfo = tippy;
		};
		D733A00D2204157700C11E76 /* PBXContainerItemProxy */ = {
			isa = PBXContainerItemProxy;
			containerPortal = D7339FE22204156800C11E76 /* Project object */;
			proxyType = 1;
			remoteGlobalIDString = D7339FE92204156800C11E76;
			remoteInfo = tippy;
		};
/* End PBXContainerItemProxy section */

/* Begin PBXFileReference section */
		D7339FEA2204156900C11E76 /* tippy.app */ = {isa = PBXFileReference; explicitFileType = wrapper.application; includeInIndex = 0; path = tippy.app; sourceTree = BUILT_PRODUCTS_DIR; };
		D7339FED2204156900C11E76 /* AppDelegate.swift */ = {isa = PBXFileReference; lastKnownFileType = sourcecode.swift; path = AppDelegate.swift; sourceTree = "<group>"; };
		D7339FEF2204156900C11E76 /* ViewController.swift */ = {isa = PBXFileReference; lastKnownFileType = sourcecode.swift; path = ViewController.swift; sourceTree = "<group>"; };
		D7339FF22204156900C11E76 /* Base */ = {isa = PBXFileReference; lastKnownFileType = file.storyboard; name = Base; path = Base.lproj/Main.storyboard; sourceTree = "<group>"; };
		D7339FF52204156900C11E76 /* tippy.xcdatamodel */ = {isa = PBXFileReference; lastKnownFileType = wrapper.xcdatamodel; path = tippy.xcdatamodel; sourceTree = "<group>"; };
		D7339FF72204157600C11E76 /* Assets.xcassets */ = {isa = PBXFileReference; lastKnownFileType = folder.assetcatalog; path = Assets.xcassets; sourceTree = "<group>"; };
		D7339FFA2204157600C11E76 /* Base */ = {isa = PBXFileReference; lastKnownFileType = file.storyboard; name = Base; path = Base.lproj/LaunchScreen.storyboard; sourceTree = "<group>"; };
		D7339FFC2204157600C11E76 /* Info.plist */ = {isa = PBXFileReference; lastKnownFileType = text.plist.xml; path = Info.plist; sourceTree = "<group>"; };
		D733A0012204157700C11E76 /* tippyTests.xctest */ = {isa = PBXFileReference; explicitFileType = wrapper.cfbundle; includeInIndex = 0; path = tippyTests.xctest; sourceTree = BUILT_PRODUCTS_DIR; };
		D733A0052204157700C11E76 /* tippyTests.swift */ = {isa = PBXFileReference; lastKnownFileType = sourcecode.swift; path = tippyTests.swift; sourceTree = "<group>"; };
		D733A0072204157700C11E76 /* Info.plist */ = {isa = PBXFileReference; lastKnownFileType = text.plist.xml; path = Info.plist; sourceTree = "<group>"; };
		D733A00C2204157700C11E76 /* tippyUITests.xctest */ = {isa = PBXFileReference; explicitFileType = wrapper.cfbundle; includeInIndex = 0; path = tippyUITests.xctest; sourceTree = BUILT_PRODUCTS_DIR; };
		D733A0102204157700C11E76 /* tippyUITests.swift */ = {isa = PBXFileReference; lastKnownFileType = sourcecode.swift; path = tippyUITests.swift; sourceTree = "<group>"; };
		D733A0122204157700C11E76 /* Info.plist */ = {isa = PBXFileReference; lastKnownFileType = text.plist.xml; path = Info.plist; sourceTree = "<group>"; };
/* End PBXFileReference section */

/* Begin PBXFrameworksBuildPhase section */
		D7339FE72204156800C11E76 /* Frameworks */ = {
			isa = PBXFrameworksBuildPhase;
			buildActionMask = 2147483647;
			files = (
			);
			runOnlyForDeploymentPostprocessing = 0;
		};
		D7339FFE2204157700C11E76 /* Frameworks */ = {
			isa = PBXFrameworksBuildPhase;
			buildActionMask = 2147483647;
			files = (
			);
			runOnlyForDeploymentPostprocessing = 0;
		};
		D733A0092204157700C11E76 /* Frameworks */ = {
			isa = PBXFrameworksBuildPhase;
			buildActionMask = 2147483647;
			files = (
			);
			runOnlyForDeploymentPostprocessing = 0;
		};
/* End PBXFrameworksBuildPhase section */

/* Begin PBXGroup section */
		D7339FE12204156800C11E76 = {
			isa = PBXGroup;
			children = (
				D7339FEC2204156900C11E76 /* tippy */,
				D733A0042204157700C11E76 /* tippyTests */,
				D733A00F2204157700C11E76 /* tippyUITests */,
				D7339FEB2204156900C11E76 /* Products */,
			);
			sourceTree = "<group>";
		};
		D7339FEB2204156900C11E76 /* Products */ = {
			isa = PBXGroup;
			children = (
				D7339FEA2204156900C11E76 /* tippy.app */,
				D733A0012204157700C11E76 /* tippyTests.xctest */,
				D733A00C2204157700C11E76 /* tippyUITests.xctest */,
			);
			name = Products;
			sourceTree = "<group>";
		};
		D7339FEC2204156900C11E76 /* tippy */ = {
			isa = PBXGroup;
			children = (
				D7339FED2204156900C11E76 /* AppDelegate.swift */,
				D7339FEF2204156900C11E76 /* ViewController.swift */,
				D7339FF12204156900C11E76 /* Main.storyboard */,
				D7339FF72204157600C11E76 /* Assets.xcassets */,
				D7339FF92204157600C11E76 /* LaunchScreen.storyboard */,
				D7339FFC2204157600C11E76 /* Info.plist */,
				D7339FF42204156900C11E76 /* tippy.xcdatamodeld */,
			);
			path = tippy;
			sourceTree = "<group>";
		};
		D733A0042204157700C11E76 /* tippyTests */ = {
			isa = PBXGroup;
			children = (
				D733A0052204157700C11E76 /* tippyTests.swift */,
				D733A0072204157700C11E76 /* Info.plist */,
			);
			path = tippyTests;
			sourceTree = "<group>";
		};
		D733A00F2204157700C11E76 /* tippyUITests */ = {
			isa = PBXGroup;
			children = (
				D733A0102204157700C11E76 /* tippyUITests.swift */,
				D733A0122204157700C11E76 /* Info.plist */,
			);
			path = tippyUITests;
			sourceTree = "<group>";
		};
/* End PBXGroup section */

/* Begin PBXNativeTarget section */
		D7339FE92204156800C11E76 /* tippy */ = {
			isa = PBXNativeTarget;
			buildConfigurationList = D733A0152204157700C11E76 /* Build configuration list for PBXNativeTarget "tippy" */;
			buildPhases = (
				D7339FE62204156800C11E76 /* Sources */,
				D7339FE72204156800C11E76 /* Frameworks */,
				D7339FE82204156800C11E76 /* Resources */,
			);
			buildRules = (
			);
			dependencies = (
			);
			name = tippy;
			productName = tippy;
			productReference = D7339FEA2204156900C11E76 /* tippy.app */;
			productType = "com.apple.product-type.application";
		};
		D733A0002204157700C11E76 /* tippyTests */ = {
			isa = PBXNativeTarget;
			buildConfigurationList = D733A0182204157700C11E76 /* Build configuration list for PBXNativeTarget "tippyTests" */;
			buildPhases = (
				D7339FFD2204157700C11E76 /* Sources */,
				D7339FFE2204157700C11E76 /* Frameworks */,
				D7339FFF2204157700C11E76 /* Resources */,
			);
			buildRules = (
			);
			dependencies = (
				D733A0032204157700C11E76 /* PBXTargetDependency */,
			);
			name = tippyTests;
			productName = tippyTests;
			productReference = D733A0012204157700C11E76 /* tippyTests.xctest */;
			productType = "com.apple.product-type.bundle.unit-test";
		};
		D733A00B2204157700C11E76 /* tippyUITests */ = {
			isa = PBXNativeTarget;
			buildConfigurationList = D733A01B2204157700C11E76 /* Build configuration list for PBXNativeTarget "tippyUITests" */;
			buildPhases = (
				D733A0082204157700C11E76 /* Sources */,
				D733A0092204157700C11E76 /* Frameworks */,
				D733A00A2204157700C11E76 /* Resources */,
			);
			buildRules = (
			);
			dependencies = (
				D733A00E2204157700C11E76 /* PBXTargetDependency */,
			);
			name = tippyUITests;
			productName = tippyUITests;
			productReference = D733A00C2204157700C11E76 /* tippyUITests.xctest */;
			productType = "com.apple.product-type.bundle.ui-testing";
		};
/* End PBXNativeTarget section */

/* Begin PBXProject section */
		D7339FE22204156800C11E76 /* Project object */ = {
			isa = PBXProject;
			attributes = {
				LastSwiftUpdateCheck = 1010;
				LastUpgradeCheck = 1010;
				ORGANIZATIONNAME = Kazutaka;
				TargetAttributes = {
					D7339FE92204156800C11E76 = {
						CreatedOnToolsVersion = 10.1;
					};
					D733A0002204157700C11E76 = {
						CreatedOnToolsVersion = 10.1;
						TestTargetID = D7339FE92204156800C11E76;
					};
					D733A00B2204157700C11E76 = {
						CreatedOnToolsVersion = 10.1;
						TestTargetID = D7339FE92204156800C11E76;
					};
				};
			};
			buildConfigurationList = D7339FE52204156800C11E76 /* Build configuration list for PBXProject "tippy" */;
			compatibilityVersion = "Xcode 9.3";
			developmentRegion = en;
			hasScannedForEncodings = 0;
			knownRegions = (
				en,
				Base,
			);
			mainGroup = D7339FE12204156800C11E76;
			productRefGroup = D7339FEB2204156900C11E76 /* Products */;
			projectDirPath = "";
			projectRoot = "";
			targets = (
				D7339FE92204156800C11E76 /* tippy */,
				D733A0002204157700C11E76 /* tippyTests */,
				D733A00B2204157700C11E76 /* tippyUITests */,
			);
		};
/* End PBXProject section */

/* Begin PBXResourcesBuildPhase section */
		D7339FE82204156800C11E76 /* Resources */ = {
			isa = PBXResourcesBuildPhase;
			buildActionMask = 2147483647;
			files = (
				D7339FFB2204157600C11E76 /* LaunchScreen.storyboard in Resources */,
				D7339FF82204157600C11E76 /* Assets.xcassets in Resources */,
				D7339FF32204156900C11E76 /* Main.storyboard in Resources */,
			);
			runOnlyForDeploymentPostprocessing = 0;
		};
		D7339FFF2204157700C11E76 /* Resources */ = {
			isa = PBXResourcesBuildPhase;
			buildActionMask = 2147483647;
			files = (
			);
			runOnlyForDeploymentPostprocessing = 0;
		};
		D733A00A2204157700C11E76 /* Resources */ = {
			isa = PBXResourcesBuildPhase;
			buildActionMask = 2147483647;
			files = (
			);
			runOnlyForDeploymentPostprocessing = 0;
		};
/* End PBXResourcesBuildPhase section */

/* Begin PBXSourcesBuildPhase section */
		D7339FE62204156800C11E76 /* Sources */ = {
			isa = PBXSourcesBuildPhase;
			buildActionMask = 2147483647;
			files = (
				D7339FF02204156900C11E76 /* ViewController.swift in Sources */,
				D7339FEE2204156900C11E76 /* AppDelegate.swift in Sources */,
				D7339FF62204156900C11E76 /* tippy.xcdatamodeld in Sources */,
			);
			runOnlyForDeploymentPostprocessing = 0;
		};
		D7339FFD2204157700C11E76 /* Sources */ = {
			isa = PBXSourcesBuildPhase;
			buildActionMask = 2147483647;
			files = (
				D733A0062204157700C11E76 /* tippyTests.swift in Sources */,
			);
			runOnlyForDeploymentPostprocessing = 0;
		};
		D733A0082204157700C11E76 /* Sources */ = {
			isa = PBXSourcesBuildPhase;
			buildActionMask = 2147483647;
			files = (
				D733A0112204157700C11E76 /* tippyUITests.swift in Sources */,
			);
			runOnlyForDeploymentPostprocessing = 0;
		};
/* End PBXSourcesBuildPhase section */

/* Begin PBXTargetDependency section */
		D733A0032204157700C11E76 /* PBXTargetDependency */ = {
			isa = PBXTargetDependency;
			target = D7339FE92204156800C11E76 /* tippy */;
			targetProxy = D733A0022204157700C11E76 /* PBXContainerItemProxy */;
		};
		D733A00E2204157700C11E76 /* PBXTargetDependency */ = {
			isa = PBXTargetDependency;
			target = D7339FE92204156800C11E76 /* tippy */;
			targetProxy = D733A00D2204157700C11E76 /* PBXContainerItemProxy */;
		};
/* End PBXTargetDependency section */

/* Begin PBXVariantGroup section */
		D7339FF12204156900C11E76 /* Main.storyboard */ = {
			isa = PBXVariantGroup;
			children = (
				D7339FF22204156900C11E76 /* Base */,
			);
			name = Main.storyboard;
			sourceTree = "<group>";
		};
		D7339FF92204157600C11E76 /* LaunchScreen.storyboard */ = {
			isa = PBXVariantGroup;
			children = (
				D7339FFA2204157600C11E76 /* Base */,
			);
			name = LaunchScreen.storyboard;
			sourceTree = "<group>";
		};
/* End PBXVariantGroup section */

/* Begin XCBuildConfiguration section */
		D733A0132204157700C11E76 /* Debug */ = {
			isa = XCBuildConfiguration;
			buildSettings = {
				ALWAYS_SEARCH_USER_PATHS = NO;
				CLANG_ANALYZER_NONNULL = YES;
				CLANG_ANALYZER_NUMBER_OBJECT_CONVERSION = YES_AGGRESSIVE;
				CLANG_CXX_LANGUAGE_STANDARD = "gnu++14";
				CLANG_CXX_LIBRARY = "libc++";
				CLANG_ENABLE_MODULES = YES;
				CLANG_ENABLE_OBJC_ARC = YES;
				CLANG_ENABLE_OBJC_WEAK = YES;
				CLANG_WARN_BLOCK_CAPTURE_AUTORELEASING = YES;
				CLANG_WARN_BOOL_CONVERSION = YES;
				CLANG_WARN_COMMA = YES;
				CLANG_WARN_CONSTANT_CONVERSION = YES;
				CLANG_WARN_DEPRECATED_OBJC_IMPLEMENTATIONS = YES;
				CLANG_WARN_DIRECT_OBJC_ISA_USAGE = YES_ERROR;
				CLANG_WARN_DOCUMENTATION_COMMENTS = YES;
				CLANG_WARN_EMPTY_BODY = YES;
				CLANG_WARN_ENUM_CONVERSION = YES;
				CLANG_WARN_INFINITE_RECURSION = YES;
				CLANG_WARN_INT_CONVERSION = YES;
				CLANG_WARN_NON_LITERAL_NULL_CONVERSION = YES;
				CLANG_WARN_OBJC_IMPLICIT_RETAIN_SELF = YES;
				CLANG_WARN_OBJC_LITERAL_CONVERSION = YES;
				CLANG_WARN_OBJC_ROOT_CLASS = YES_ERROR;
				CLANG_WARN_RANGE_LOOP_ANALYSIS = YES;
				CLANG_WARN_STRICT_PROTOTYPES = YES;
				CLANG_WARN_SUSPICIOUS_MOVE = YES;
				CLANG_WARN_UNGUARDED_AVAILABILITY = YES_AGGRESSIVE;
				CLANG_WARN_UNREACHABLE_CODE = YES;
				CLANG_WARN__DUPLICATE_METHOD_MATCH = YES;
				CODE_SIGN_IDENTITY = "iPhone Developer";
				COPY_PHASE_STRIP = NO;
				DEBUG_INFORMATION_FORMAT = dwarf;
				ENABLE_STRICT_OBJC_MSGSEND = YES;
				ENABLE_TESTABILITY = YES;
				GCC_C_LANGUAGE_STANDARD = gnu11;
				GCC_DYNAMIC_NO_PIC = NO;
				GCC_NO_COMMON_BLOCKS = YES;
				GCC_OPTIMIZATION_LEVEL = 0;
				GCC_PREPROCESSOR_DEFINITIONS = (
					"DEBUG=1",
					"$(inherited)",
				);
				GCC_WARN_64_TO_32_BIT_CONVERSION = YES;
				GCC_WARN_ABOUT_RETURN_TYPE = YES_ERROR;
				GCC_WARN_UNDECLARED_SELECTOR = YES;
				GCC_WARN_UNINITIALIZED_AUTOS = YES_AGGRESSIVE;
				GCC_WARN_UNUSED_FUNCTION = YES;
				GCC_WARN_UNUSED_VARIABLE = YES;
				IPHONEOS_DEPLOYMENT_TARGET = 12.1;
				MTL_ENABLE_DEBUG_INFO = INCLUDE_SOURCE;
				MTL_FAST_MATH = YES;
				ONLY_ACTIVE_ARCH = YES;
				SDKROOT = iphoneos;
				SWIFT_ACTIVE_COMPILATION_CONDITIONS = DEBUG;
				SWIFT_OPTIMIZATION_LEVEL = "-Onone";
			};
			name = Debug;
		};
		D733A0142204157700C11E76 /* Release */ = {
			isa = XCBuildConfiguration;
			buildSettings = {
				ALWAYS_SEARCH_USER_PATHS = NO;
				CLANG_ANALYZER_NONNULL = YES;
				CLANG_ANALYZER_NUMBER_OBJECT_CONVERSION = YES_AGGRESSIVE;
				CLANG_CXX_LANGUAGE_STANDARD = "gnu++14";
				CLANG_CXX_LIBRARY = "libc++";
				CLANG_ENABLE_MODULES = YES;
				CLANG_ENABLE_OBJC_ARC = YES;
				CLANG_ENABLE_OBJC_WEAK = YES;
				CLANG_WARN_BLOCK_CAPTURE_AUTORELEASING = YES;
				CLANG_WARN_BOOL_CONVERSION = YES;
				CLANG_WARN_COMMA = YES;
				CLANG_WARN_CONSTANT_CONVERSION = YES;
				CLANG_WARN_DEPRECATED_OBJC_IMPLEMENTATIONS = YES;
				CLANG_WARN_DIRECT_OBJC_ISA_USAGE = YES_ERROR;
				CLANG_WARN_DOCUMENTATION_COMMENTS = YES;
				CLANG_WARN_EMPTY_BODY = YES;
				CLANG_WARN_ENUM_CONVERSION = YES;
				CLANG_WARN_INFINITE_RECURSION = YES;
				CLANG_WARN_INT_CONVERSION = YES;
				CLANG_WARN_NON_LITERAL_NULL_CONVERSION = YES;
				CLANG_WARN_OBJC_IMPLICIT_RETAIN_SELF = YES;
				CLANG_WARN_OBJC_LITERAL_CONVERSION = YES;
				CLANG_WARN_OBJC_ROOT_CLASS = YES_ERROR;
				CLANG_WARN_RANGE_LOOP_ANALYSIS = YES;
				CLANG_WARN_STRICT_PROTOTYPES = YES;
				CLANG_WARN_SUSPICIOUS_MOVE = YES;
				CLANG_WARN_UNGUARDED_AVAILABILITY = YES_AGGRESSIVE;
				CLANG_WARN_UNREACHABLE_CODE = YES;
				CLANG_WARN__DUPLICATE_METHOD_MATCH = YES;
				CODE_SIGN_IDENTITY = "iPhone Developer";
				COPY_PHASE_STRIP = NO;
				DEBUG_INFORMATION_FORMAT = "dwarf-with-dsym";
				ENABLE_NS_ASSERTIONS = NO;
				ENABLE_STRICT_OBJC_MSGSEND = YES;
				GCC_C_LANGUAGE_STANDARD = gnu11;
				GCC_NO_COMMON_BLOCKS = YES;
				GCC_WARN_64_TO_32_BIT_CONVERSION = YES;
				GCC_WARN_ABOUT_RETURN_TYPE = YES_ERROR;
				GCC_WARN_UNDECLARED_SELECTOR = YES;
				GCC_WARN_UNINITIALIZED_AUTOS = YES_AGGRESSIVE;
				GCC_WARN_UNUSED_FUNCTION = YES;
				GCC_WARN_UNUSED_VARIABLE = YES;
				IPHONEOS_DEPLOYMENT_TARGET = 12.1;
				MTL_ENABLE_DEBUG_INFO = NO;
				MTL_FAST_MATH = YES;
				SDKROOT = iphoneos;
				SWIFT_COMPILATION_MODE = wholemodule;
				SWIFT_OPTIMIZATION_LEVEL = "-O";
				VALIDATE_PRODUCT = YES;
			};
			name = Release;
		};
		D733A0162204157700C11E76 /* Debug */ = {
			isa = XCBuildConfiguration;
			buildSettings = {
				ASSETCATALOG_COMPILER_APPICON_NAME = AppIcon;
				CODE_SIGN_STYLE = Automatic;
				DEVELOPMENT_TEAM = 2M5Z36K6T8;
				INFOPLIST_FILE = tippy/Info.plist;
				LD_RUNPATH_SEARCH_PATHS = (
					"$(inherited)",
					"@executable_path/Frameworks",
				);
				PRODUCT_BUNDLE_IDENTIFIER = io.github.Kazutaka333.tippy;
				PRODUCT_NAME = "$(TARGET_NAME)";
				SWIFT_VERSION = 4.2;
				TARGETED_DEVICE_FAMILY = "1,2";
			};
			name = Debug;
		};
		D733A0172204157700C11E76 /* Release */ = {
			isa = XCBuildConfiguration;
			buildSettings = {
				ASSETCATALOG_COMPILER_APPICON_NAME = AppIcon;
				CODE_SIGN_STYLE = Automatic;
				DEVELOPMENT_TEAM = 2M5Z36K6T8;
				INFOPLIST_FILE = tippy/Info.plist;
				LD_RUNPATH_SEARCH_PATHS = (
					"$(inherited)",
					"@executable_path/Frameworks",
				);
				PRODUCT_BUNDLE_IDENTIFIER = io.github.Kazutaka333.tippy;
				PRODUCT_NAME = "$(TARGET_NAME)";
				SWIFT_VERSION = 4.2;
				TARGETED_DEVICE_FAMILY = "1,2";
			};
			name = Release;
		};
		D733A0192204157700C11E76 /* Debug */ = {
			isa = XCBuildConfiguration;
			buildSettings = {
				ALWAYS_EMBED_SWIFT_STANDARD_LIBRARIES = YES;
				BUNDLE_LOADER = "$(TEST_HOST)";
				CODE_SIGN_STYLE = Automatic;
				DEVELOPMENT_TEAM = 2M5Z36K6T8;
				INFOPLIST_FILE = tippyTests/Info.plist;
				LD_RUNPATH_SEARCH_PATHS = (
					"$(inherited)",
					"@executable_path/Frameworks",
					"@loader_path/Frameworks",
				);
				PRODUCT_BUNDLE_IDENTIFIER = io.github.Kazutaka333.tippyTests;
				PRODUCT_NAME = "$(TARGET_NAME)";
				SWIFT_VERSION = 4.2;
				TARGETED_DEVICE_FAMILY = "1,2";
				TEST_HOST = "$(BUILT_PRODUCTS_DIR)/tippy.app/tippy";
			};
			name = Debug;
		};
		D733A01A2204157700C11E76 /* Release */ = {
			isa = XCBuildConfiguration;
			buildSettings = {
				ALWAYS_EMBED_SWIFT_STANDARD_LIBRARIES = YES;
				BUNDLE_LOADER = "$(TEST_HOST)";
				CODE_SIGN_STYLE = Automatic;
				DEVELOPMENT_TEAM = 2M5Z36K6T8;
				INFOPLIST_FILE = tippyTests/Info.plist;
				LD_RUNPATH_SEARCH_PATHS = (
					"$(inherited)",
					"@executable_path/Frameworks",
					"@loader_path/Frameworks",
				);
				PRODUCT_BUNDLE_IDENTIFIER = io.github.Kazutaka333.tippyTests;
				PRODUCT_NAME = "$(TARGET_NAME)";
				SWIFT_VERSION = 4.2;
				TARGETED_DEVICE_FAMILY = "1,2";
				TEST_HOST = "$(BUILT_PRODUCTS_DIR)/tippy.app/tippy";
			};
			name = Release;
		};
		D733A01C2204157700C11E76 /* Debug */ = {
			isa = XCBuildConfiguration;
			buildSettings = {
				ALWAYS_EMBED_SWIFT_STANDARD_LIBRARIES = YES;
				CODE_SIGN_STYLE = Automatic;
				DEVELOPMENT_TEAM = 2M5Z36K6T8;
				INFOPLIST_FILE = tippyUITests/Info.plist;
				LD_RUNPATH_SEARCH_PATHS = (
					"$(inherited)",
					"@executable_path/Frameworks",
					"@loader_path/Frameworks",
				);
				PRODUCT_BUNDLE_IDENTIFIER = io.github.Kazutaka333.tippyUITests;
				PRODUCT_NAME = "$(TARGET_NAME)";
				SWIFT_VERSION = 4.2;
				TARGETED_DEVICE_FAMILY = "1,2";
				TEST_TARGET_NAME = tippy;
			};
			name = Debug;
		};
		D733A01D2204157700C11E76 /* Release */ = {
			isa = XCBuildConfiguration;
			buildSettings = {
				ALWAYS_EMBED_SWIFT_STANDARD_LIBRARIES = YES;
				CODE_SIGN_STYLE = Automatic;
				DEVELOPMENT_TEAM = 2M5Z36K6T8;
				INFOPLIST_FILE = tippyUITests/Info.plist;
				LD_RUNPATH_SEARCH_PATHS = (
					"$(inherited)",
					"@executable_path/Frameworks",
					"@loader_path/Frameworks",
				);
				PRODUCT_BUNDLE_IDENTIFIER = io.github.Kazutaka333.tippyUITests;
				PRODUCT_NAME = "$(TARGET_NAME)";
				SWIFT_VERSION = 4.2;
				TARGETED_DEVICE_FAMILY = "1,2";
				TEST_TARGET_NAME = tippy;
			};
			name = Release;
		};
/* End XCBuildConfiguration section */

/* Begin XCConfigurationList section */
		D7339FE52204156800C11E76 /* Build configuration list for PBXProject "tippy" */ = {
			isa = XCConfigurationList;
			buildConfigurations = (
				D733A0132204157700C11E76 /* Debug */,
				D733A0142204157700C11E76 /* Release */,
			);
			defaultConfigurationIsVisible = 0;
			defaultConfigurationName = Release;
		};
		D733A0152204157700C11E76 /* Build configuration list for PBXNativeTarget "tippy" */ = {
			isa = XCConfigurationList;
			buildConfigurations = (
				D733A0162204157700C11E76 /* Debug */,
				D733A0172204157700C11E76 /* Release */,
			);
			defaultConfigurationIsVisible = 0;
			defaultConfigurationName = Release;
		};
		D733A0182204157700C11E76 /* Build configuration list for PBXNativeTarget "tippyTests" */ = {
			isa = XCConfigurationList;
			buildConfigurations = (
				D733A0192204157700C11E76 /* Debug */,
				D733A01A2204157700C11E76 /* Release */,
			);
			defaultConfigurationIsVisible = 0;
			defaultConfigurationName = Release;
		};
		D733A01B2204157700C11E76 /* Build configuration list for PBXNativeTarget "tippyUITests" */ = {
			isa = XCConfigurationList;
			buildConfigurations = (
				D733A01C2204157700C11E76 /* Debug */,
				D733A01D2204157700C11E76 /* Release */,
			);
			defaultConfigurationIsVisible = 0;
			defaultConfigurationName = Release;
		};
/* End XCConfigurationList section */

/* Begin XCVersionGroup section */
		D7339FF42204156900C11E76 /* tippy.xcdatamodeld */ = {
			isa = XCVersionGroup;
			children = (
				D7339FF52204156900C11E76 /* tippy.xcdatamodel */,
			);
			currentVersion = D7339FF52204156900C11E76 /* tippy.xcdatamodel */;
			path = tippy.xcdatamodeld;
			sourceTree = "<group>";
			versionGroupType = wrapper.xcdatamodel;
		};
/* End XCVersionGroup section */
	};
	rootObject = D7339FE22204156800C11E76 /* Project object */;
}
